
Microsoft Visual Studio Solution File, Format Version 12.00
# Visual Studio 15
VisualStudioVersion = 15.0.27703.2018
MinimumVisualStudioVersion = 10.0.40219.1
Project("{FAE04EC0-301F-11D3-BF4B-00C04F79EFBC}") = "IbmMqClient", "IbmMqClient\IbmMqClient.csproj", "{53E6D25C-E812-48B3-A3EF-EE67B7539730}"
EndProject
Project("{2150E333-8FDC-42A3-9474-1A3956D46DE8}") = "Solution Items", "Solution Items", "{48A85027-A1C2-4C7E-A732-0C0602597BF4}"
	ProjectSection(SolutionItems) = preProject
		README.md = README.md
	EndProjectSection
EndProject
Global
	GlobalSection(SolutionConfigurationPlatforms) = preSolution
		Debug|Any CPU = Debug|Any CPU
		Release|Any CPU = Release|Any CPU
	EndGlobalSection
	GlobalSection(ProjectConfigurationPlatforms) = postSolution
		{53E6D25C-E812-48B3-A3EF-EE67B7539730}.Debug|Any CPU.ActiveCfg = Debug|Any CPU
		{53E6D25C-E812-48B3-A3EF-EE67B7539730}.Debug|Any CPU.Build.0 = Debug|Any CPU
		{53E6D25C-E812-48B3-A3EF-EE67B7539730}.Release|Any CPU.ActiveCfg = Release|Any CPU
		{53E6D25C-E812-48B3-A3EF-EE67B7539730}.Release|Any CPU.Build.0 = Release|Any CPU
	EndGlobalSection
	GlobalSection(SolutionProperties) = preSolution
		HideSolutionNode = FALSE
	EndGlobalSection
	GlobalSection(ExtensibilityGlobals) = postSolution
		SolutionGuid = {EE7CC48C-11E4-422F-8CF4-C29FCADD5F1E}
	EndGlobalSection
EndGlobal
